
Microsoft Visual Studio Solution File, Format Version 12.00
# Visual Studio Version 17
VisualStudioVersion = 17.2.32630.192
MinimumVisualStudioVersion = 10.0.40219.1
Project("{FAE04EC0-301F-11D3-BF4B-00C04F79EFBC}") = "MainMenu", "MainMenu\MainMenu.csproj", "{D836A6A5-6D22-47F3-B8F9-CB1A158B5A0B}"
EndProject
Project("{FAE04EC0-301F-11D3-BF4B-00C04F79EFBC}") = "TicTacToe", "TicTacToe\TicTacToe.csproj", "{4EF89820-98FB-499E-83B2-37F4844DE695}"
EndProject
Global
	GlobalSection(SolutionConfigurationPlatforms) = preSolution
		Debug|Any CPU = Debug|Any CPU
		Release|Any CPU = Release|Any CPU
	EndGlobalSection
	GlobalSection(ProjectConfigurationPlatforms) = postSolution
		{D836A6A5-6D22-47F3-B8F9-CB1A158B5A0B}.Debug|Any CPU.ActiveCfg = Debug|Any CPU
		{D836A6A5-6D22-47F3-B8F9-CB1A158B5A0B}.Debug|Any CPU.Build.0 = Debug|Any CPU
		{D836A6A5-6D22-47F3-B8F9-CB1A158B5A0B}.Release|Any CPU.ActiveCfg = Release|Any CPU
		{D836A6A5-6D22-47F3-B8F9-CB1A158B5A0B}.Release|Any CPU.Build.0 = Release|Any CPU
		{4EF89820-98FB-499E-83B2-37F4844DE695}.Debug|Any CPU.ActiveCfg = Debug|Any CPU
		{4EF89820-98FB-499E-83B2-37F4844DE695}.Debug|Any CPU.Build.0 = Debug|Any CPU
		{4EF89820-98FB-499E-83B2-37F4844DE695}.Release|Any CPU.ActiveCfg = Release|Any CPU
		{4EF89820-98FB-499E-83B2-37F4844DE695}.Release|Any CPU.Build.0 = Release|Any CPU
	EndGlobalSection
	GlobalSection(SolutionProperties) = preSolution
		HideSolutionNode = FALSE
	EndGlobalSection
	GlobalSection(ExtensibilityGlobals) = postSolution
		SolutionGuid = {E7013A59-A23D-4ABF-94C8-BFCB220D4A0B}
	EndGlobalSection
EndGlobal
